{
  "plugin_type": "extractors",
  "name": "tap-3plcentral",
  "namespace": "tap_3plcentral",
  "variant": "singer-io",
  "label": "3PLCentral",
  "docs": "https://www.matatika.com/data-details/tap-3plcentral/",
  "repo": "https://github.com/singer-io/tap-3plcentral",
  "pip_url": "tap-3plcentral",
  "description": "3PLCentral is a cloud-based warehouse management system designed for third-party logistics providers.\n\n3PLCentral provides a comprehensive platform for managing warehouse operations, including inventory management, order fulfillment, shipping and receiving, and reporting. The system is designed specifically for third-party logistics providers, allowing them to manage multiple clients and warehouses from a single platform. With 3PLCentral, users can automate many of their warehouse processes, reducing errors and improving efficiency. The system also integrates with a variety of other software tools, including e-commerce platforms, shipping carriers, and accounting software, making it a powerful tool for managing all aspects of a logistics operation.",
  "logo_url": "/assets/logos/extractors/3plcentral.png",
  "capabilities": [
    "catalog",
    "state",
    "discover"
  ],
  "settings": [
    {
      "name": "client_id",
      "kind": "string",
      "label": "Client Id",
      "description": "The unique identifier for the client accessing the API.",
      "hidden": false,
      "sensitive": true,
      "protected": false
    },
    {
      "name": "start_date",
      "kind": "date_iso8601",
      "label": "Start Date",
      "description": "The date from which to start retrieving data.",
      "hidden": false,
      "sensitive": false,
      "protected": false
    },
    {
      "name": "base_url",
      "kind": "string",
      "label": "Base Url",
      "description": "The base URL for the 3PLCentral API.",
      "hidden": false,
      "sensitive": false,
      "protected": false
    },
    {
      "name": "tpl_key",
      "kind": "string",
      "label": "TPL Key",
      "description": "The API key provided by 3PLCentral.",
      "hidden": false,
      "sensitive": true,
      "protected": false
    },
    {
      "name": "user_agent",
      "kind": "string",
      "label": "User Agent",
      "description": "The user agent string to identify the client application.",
      "hidden": false,
      "sensitive": false,
      "protected": false
    },
    {
      "name": "customer_id",
      "kind": "integer",
      "label": "Customer Id",
      "description": "The unique identifier for the customer associated with the API request.",
      "hidden": false,
      "sensitive": false,
      "protected": false
    },
    {
      "name": "client_secret",
      "kind": "string",
      "label": "Client Secret",
      "description": "The secret key used for authentication.",
      "hidden": false,
      "sensitive": true,
      "protected": false
    },
    {
      "name": "user_login_id",
      "kind": "integer",
      "label": "User Login Id",
      "description": "The unique identifier for the user associated with the API request.",
      "hidden": false,
      "sensitive": false,
      "protected": false
    },
    {
      "name": "facility_id",
      "kind": "integer",
      "label": "Facility Id",
      "description": "The unique identifier for the facility associated with the API request.",
      "hidden": false,
      "sensitive": false,
      "protected": false
    }
  ]
}
